<?xml version="1.0" encoding="utf-8"?>
<Project ToolsVersion="4.0" xmlns="http://schemas.microsoft.com/developer/msbuild/2003">
  <ItemGroup>
    <Filter Include="Source Files">
      <UniqueIdentifier>{4FC737F1-C7A5-4376-A066-2A32D752A2FF}</UniqueIdentifier>
      <Extensions>cpp;c;cc;cxx;def;odl;idl;hpj;bat;asm;asmx</Extensions>
    </Filter>
    <Filter Include="Header Files">
      <UniqueIdentifier>{93995380-89BD-4b04-88EB-625FBE52EBFB}</UniqueIdentifier>
      <Extensions>h;hh;hpp;hxx;hm;inl;inc;xsd</Extensions>
    </Filter>
    <Filter Include="Resource Files">
      <UniqueIdentifier>{67DA6AB6-F800-4c08-8B7A-83BB121AAD01}</UniqueIdentifier>
      <Extensions>rc;ico;cur;bmp;dlg;rc2;rct;bin;rgs;gif;jpg;jpeg;jpe;resx;tiff;tif;png;wav;mfcribbon-ms</Extensions>
    </Filter>
    <Filter Include="Header Files\Engine">
      <UniqueIdentifier>{b510781a-e588-4b0d-b7fc-76e3233f1e97}</UniqueIdentifier>
    </Filter>
    <Filter Include="Source Files\Engine">
      <UniqueIdentifier>{08b7a813-57ef-4ba2-ba1f-272dffe5b92e}</UniqueIdentifier>
    </Filter>
    <Filter Include="Source Files\Engine\Physics">
      <UniqueIdentifier>{8e5bde9b-075c-4331-8723-1001fbe5f2d9}</UniqueIdentifier>
    </Filter>
    <Filter Include="Header Files\Engine\Physics">
      <UniqueIdentifier>{7962cf15-a2cb-49e1-a343-9b548949b60a}</UniqueIdentifier>
    </Filter>
    <Filter Include="Header Files\Engine\Renderer">
      <UniqueIdentifier>{e495bb6d-fbee-426f-ab32-fa1c80f4d8e4}</UniqueIdentifier>
    </Filter>
    <Filter Include="Source Files\Engine\Renderer">
      <UniqueIdentifier>{913a4b53-45f1-43ae-b4e4-257c4d7b7883}</UniqueIdentifier>
    </Filter>
    <Filter Include="Header Files\Engine\Resources">
      <UniqueIdentifier>{b72a3340-0b5d-437f-8be7-f5a0622f79cc}</UniqueIdentifier>
    </Filter>
    <Filter Include="Source Files\Engine\Resources">
      <UniqueIdentifier>{d5c21f7d-f221-45bc-bac6-eb0358d73613}</UniqueIdentifier>
    </Filter>
    <Filter Include="Header Files\Engine\Input">
      <UniqueIdentifier>{88c64740-8bec-4b31-ae25-fd6377a3d77e}</UniqueIdentifier>
    </Filter>
    <Filter Include="Source Files\Engine\Input">
      <UniqueIdentifier>{e8d76184-2757-45a7-b07c-9cee36a15a69}</UniqueIdentifier>
    </Filter>
    <Filter Include="Header Files\Engine\Utils">
      <UniqueIdentifier>{c806f198-5a8e-445a-b71e-b8c7afd39750}</UniqueIdentifier>
    </Filter>
    <Filter Include="Source Files\Engine\Utils">
      <UniqueIdentifier>{ad2c18f0-a19d-4312-805f-fd3e5a56665c}</UniqueIdentifier>
    </Filter>
    <Filter Include="Header Files\Game">
      <UniqueIdentifier>{1fc1cff6-b7c2-493c-9ff8-8abf2da4233c}</UniqueIdentifier>
    </Filter>
    <Filter Include="Source Files\Game">
      <UniqueIdentifier>{2987b678-e69a-41dc-81a1-a2ae5eca08af}</UniqueIdentifier>
    </Filter>
    <Filter Include="Header Files\Engine\GameObject">
      <UniqueIdentifier>{fde0c638-dcd0-4619-bef6-94a122d54fd9}</UniqueIdentifier>
    </Filter>
    <Filter Include="Source Files\Engine\GameObject">
      <UniqueIdentifier>{6c644e10-f65f-4328-a7ed-6acf95a14ad5}</UniqueIdentifier>
    </Filter>
    <Filter Include="Header Files\Engine\Messages">
      <UniqueIdentifier>{bd26ad34-6b1e-4df3-b716-45e227291f40}</UniqueIdentifier>
    </Filter>
    <Filter Include="Source Files\Engine\Messages">
      <UniqueIdentifier>{4a8b83f5-5766-4d82-8fe4-773a1420cba5}</UniqueIdentifier>
    </Filter>
    <Filter Include="Header Files\Engine\Physics\Messages">
      <UniqueIdentifier>{f75473fb-2114-40f1-9a95-ea85fe5ed61e}</UniqueIdentifier>
    </Filter>
    <Filter Include="Source Files\Engine\Physics\Messages">
      <UniqueIdentifier>{b5c4de53-d1cc-4136-a49e-8cf6a69c8dba}</UniqueIdentifier>
    </Filter>
    <Filter Include="Header Files\Engine\Input\Message">
      <UniqueIdentifier>{49561eb6-1f25-4040-aa9c-2270be377f29}</UniqueIdentifier>
    </Filter>
    <Filter Include="Source Files\Engine\Input\Message">
      <UniqueIdentifier>{690a5491-14c4-4da3-b303-3fd89667f132}</UniqueIdentifier>
    </Filter>
    <Filter Include="Source Files\Engine\Renderer\Message">
      <UniqueIdentifier>{46c36f08-0a8c-4a17-82ca-fa180b445755}</UniqueIdentifier>
    </Filter>
    <Filter Include="Header Files\Engine\Renderer\Message">
      <UniqueIdentifier>{a9cf3239-eb11-4ed9-916b-ab4f058e6997}</UniqueIdentifier>
    </Filter>
  </ItemGroup>
  <ItemGroup>
    <ClCompile Include="main.cpp">
      <Filter>Source Files</Filter>
    </ClCompile>
    <ClCompile Include="Renderer.cpp">
      <Filter>Source Files\Engine\Renderer</Filter>
    </ClCompile>
    <ClCompile Include="ResourceManager.cpp">
      <Filter>Source Files\Engine\Resources</Filter>
    </ClCompile>
    <ClCompile Include="InputManager.cpp">
      <Filter>Source Files\Engine\Input</Filter>
    </ClCompile>
    <ClCompile Include="World.cpp">
      <Filter>Source Files\Engine\Physics</Filter>
    </ClCompile>
    <ClCompile Include="PhysicsComponent.cpp">
      <Filter>Source Files\Engine\Physics</Filter>
    </ClCompile>
    <ClCompile Include="Component.cpp">
      <Filter>Source Files\Engine\GameObject</Filter>
    </ClCompile>
    <ClCompile Include="GameObject.cpp">
      <Filter>Source Files\Engine\GameObject</Filter>
    </ClCompile>
    <ClCompile Include="UpdateComponent.cpp">
      <Filter>Source Files\Engine\GameObject</Filter>
    </ClCompile>
    <ClCompile Include="VersusPhysicsGame.cpp">
      <Filter>Source Files\Game</Filter>
    </ClCompile>
    <ClCompile Include="InputComponent.cpp">
      <Filter>Source Files\Engine\Input</Filter>
    </ClCompile>
    <ClCompile Include="Application.cpp">
      <Filter>Source Files\Engine</Filter>
    </ClCompile>
    <ClCompile Include="Message.cpp">
      <Filter>Source Files\Engine\Messages</Filter>
    </ClCompile>
    <ClCompile Include="ChangePositionMessage.cpp">
      <Filter>Source Files\Engine\Physics\Messages</Filter>
    </ClCompile>
    <ClCompile Include="InputChangeMessage.cpp">
      <Filter>Source Files\Engine\Input\Message</Filter>
    </ClCompile>
    <ClCompile Include="RenderComponent.cpp">
      <Filter>Source Files\Engine\Renderer</Filter>
    </ClCompile>
    <ClCompile Include="RenderMessage.cpp">
      <Filter>Source Files\Engine\Renderer\Message</Filter>
    </ClCompile>
  </ItemGroup>
  <ItemGroup>
    <ClInclude Include="Renderer.h">
      <Filter>Header Files\Engine\Renderer</Filter>
    </ClInclude>
    <ClInclude Include="ResourceManager.h">
      <Filter>Header Files\Engine\Resources</Filter>
    </ClInclude>
    <ClInclude Include="InputManager.h">
      <Filter>Header Files\Engine\Input</Filter>
    </ClInclude>
    <ClInclude Include="SDLDestroyer.h">
      <Filter>Header Files\Engine\Renderer</Filter>
    </ClInclude>
    <ClInclude Include="World.h">
      <Filter>Header Files\Engine\Physics</Filter>
    </ClInclude>
    <ClInclude Include="RenderComponent.h">
      <Filter>Header Files\Engine\Renderer</Filter>
    </ClInclude>
    <ClInclude Include="InputComponent.h">
      <Filter>Header Files\Engine\Input</Filter>
    </ClInclude>
    <ClInclude Include="PhysicsComponent.h">
      <Filter>Header Files\Engine\Physics</Filter>
    </ClInclude>
    <ClInclude Include="PhysicsDescription.h">
      <Filter>Header Files\Engine\Physics</Filter>
    </ClInclude>
    <ClInclude Include="PhysicsState.h">
      <Filter>Header Files\Engine\Physics</Filter>
    </ClInclude>
    <ClInclude Include="GameObject.h">
      <Filter>Header Files\Engine\GameObject</Filter>
    </ClInclude>
    <ClInclude Include="Component.h">
      <Filter>Header Files\Engine\GameObject</Filter>
    </ClInclude>
    <ClInclude Include="UpdateComponent.h">
      <Filter>Header Files\Engine\GameObject</Filter>
    </ClInclude>
    <ClInclude Include="VersusPhysicsGame.h">
      <Filter>Header Files\Game</Filter>
    </ClInclude>
    <ClInclude Include="Application.h">
      <Filter>Header Files\Engine</Filter>
    </ClInclude>
    <ClInclude Include="Constants.h">
      <Filter>Header Files\Engine</Filter>
    </ClInclude>
    <ClInclude Include="Message.h">
      <Filter>Header Files\Engine\Messages</Filter>
    </ClInclude>
    <ClInclude Include="ChangePositionMessage.h">
      <Filter>Header Files\Engine\Physics\Messages</Filter>
    </ClInclude>
    <ClInclude Include="InputChangeMessage.hpp">
      <Filter>Header Files\Engine\Input\Message</Filter>
    </ClInclude>
    <ClInclude Include="InputState.hpp">
      <Filter>Header Files\Engine\Input</Filter>
    </ClInclude>
    <ClInclude Include="RenderMessage.hpp">
      <Filter>Header Files\Engine\Renderer\Message</Filter>
    </ClInclude>
  </ItemGroup>
</Project>