
Microsoft Visual Studio Solution File, Format Version 12.00
# Visual Studio 14
VisualStudioVersion = 14.0.25420.1
MinimumVisualStudioVersion = 10.0.40219.1
Project("{8BC9CEB8-8B4A-11D0-8D11-00A0C91BC942}") = "Uebung1", "Uebung1\Uebung1.vcxproj", "{34CDD5C8-2342-464D-97E1-E2986BE5C91C}"
EndProject
Project("{8BC9CEB8-8B4A-11D0-8D11-00A0C91BC942}") = "Uebung2", "Uebung2\Uebung2.vcxproj", "{604C76AC-5424-4668-9CAB-75270EDD4750}"
EndProject
Project("{8BC9CEB8-8B4A-11D0-8D11-00A0C91BC942}") = "Uebung3", "Uebung3\Uebung3.vcxproj", "{CD66A7EA-036E-44E5-A1FF-D3BBF348D02C}"
EndProject
Project("{8BC9CEB8-8B4A-11D0-8D11-00A0C91BC942}") = "Uebung4", "Uebung4\Uebung4.vcxproj", "{0477F882-70E1-4D50-82D3-ECAD2EF4C554}"
EndProject
Project("{8BC9CEB8-8B4A-11D0-8D11-00A0C91BC942}") = "Uebung5", "Uebung5\Uebung5.vcxproj", "{ED0F21DA-F0C9-416F-9D3A-4CC582A5CAFD}"
EndProject
Global
	GlobalSection(SolutionConfigurationPlatforms) = preSolution
		Debug|x64 = Debug|x64
		Debug|x86 = Debug|x86
		Release|x64 = Release|x64
		Release|x86 = Release|x86
	EndGlobalSection
	GlobalSection(ProjectConfigurationPlatforms) = postSolution
		{34CDD5C8-2342-464D-97E1-E2986BE5C91C}.Debug|x64.ActiveCfg = Debug|x64
		{34CDD5C8-2342-464D-97E1-E2986BE5C91C}.Debug|x64.Build.0 = Debug|x64
		{34CDD5C8-2342-464D-97E1-E2986BE5C91C}.Debug|x86.ActiveCfg = Debug|Win32
		{34CDD5C8-2342-464D-97E1-E2986BE5C91C}.Debug|x86.Build.0 = Debug|Win32
		{34CDD5C8-2342-464D-97E1-E2986BE5C91C}.Release|x64.ActiveCfg = Release|x64
		{34CDD5C8-2342-464D-97E1-E2986BE5C91C}.Release|x64.Build.0 = Release|x64
		{34CDD5C8-2342-464D-97E1-E2986BE5C91C}.Release|x86.ActiveCfg = Release|Win32
		{34CDD5C8-2342-464D-97E1-E2986BE5C91C}.Release|x86.Build.0 = Release|Win32
		{604C76AC-5424-4668-9CAB-75270EDD4750}.Debug|x64.ActiveCfg = Debug|x64
		{604C76AC-5424-4668-9CAB-75270EDD4750}.Debug|x64.Build.0 = Debug|x64
		{604C76AC-5424-4668-9CAB-75270EDD4750}.Debug|x86.ActiveCfg = Debug|Win32
		{604C76AC-5424-4668-9CAB-75270EDD4750}.Debug|x86.Build.0 = Debug|Win32
		{604C76AC-5424-4668-9CAB-75270EDD4750}.Release|x64.ActiveCfg = Release|x64
		{604C76AC-5424-4668-9CAB-75270EDD4750}.Release|x64.Build.0 = Release|x64
		{604C76AC-5424-4668-9CAB-75270EDD4750}.Release|x86.ActiveCfg = Release|Win32
		{604C76AC-5424-4668-9CAB-75270EDD4750}.Release|x86.Build.0 = Release|Win32
		{CD66A7EA-036E-44E5-A1FF-D3BBF348D02C}.Debug|x64.ActiveCfg = Debug|x64
		{CD66A7EA-036E-44E5-A1FF-D3BBF348D02C}.Debug|x64.Build.0 = Debug|x64
		{CD66A7EA-036E-44E5-A1FF-D3BBF348D02C}.Debug|x86.ActiveCfg = Debug|Win32
		{CD66A7EA-036E-44E5-A1FF-D3BBF348D02C}.Debug|x86.Build.0 = Debug|Win32
		{CD66A7EA-036E-44E5-A1FF-D3BBF348D02C}.Release|x64.ActiveCfg = Release|x64
		{CD66A7EA-036E-44E5-A1FF-D3BBF348D02C}.Release|x64.Build.0 = Release|x64
		{CD66A7EA-036E-44E5-A1FF-D3BBF348D02C}.Release|x86.ActiveCfg = Release|Win32
		{CD66A7EA-036E-44E5-A1FF-D3BBF348D02C}.Release|x86.Build.0 = Release|Win32
		{0477F882-70E1-4D50-82D3-ECAD2EF4C554}.Debug|x64.ActiveCfg = Debug|x64
		{0477F882-70E1-4D50-82D3-ECAD2EF4C554}.Debug|x64.Build.0 = Debug|x64
		{0477F882-70E1-4D50-82D3-ECAD2EF4C554}.Debug|x86.ActiveCfg = Debug|Win32
		{0477F882-70E1-4D50-82D3-ECAD2EF4C554}.Debug|x86.Build.0 = Debug|Win32
		{0477F882-70E1-4D50-82D3-ECAD2EF4C554}.Release|x64.ActiveCfg = Release|x64
		{0477F882-70E1-4D50-82D3-ECAD2EF4C554}.Release|x64.Build.0 = Release|x64
		{0477F882-70E1-4D50-82D3-ECAD2EF4C554}.Release|x86.ActiveCfg = Release|Win32
		{0477F882-70E1-4D50-82D3-ECAD2EF4C554}.Release|x86.Build.0 = Release|Win32
		{ED0F21DA-F0C9-416F-9D3A-4CC582A5CAFD}.Debug|x64.ActiveCfg = Debug|x64
		{ED0F21DA-F0C9-416F-9D3A-4CC582A5CAFD}.Debug|x64.Build.0 = Debug|x64
		{ED0F21DA-F0C9-416F-9D3A-4CC582A5CAFD}.Debug|x86.ActiveCfg = Debug|Win32
		{ED0F21DA-F0C9-416F-9D3A-4CC582A5CAFD}.Debug|x86.Build.0 = Debug|Win32
		{ED0F21DA-F0C9-416F-9D3A-4CC582A5CAFD}.Release|x64.ActiveCfg = Release|x64
		{ED0F21DA-F0C9-416F-9D3A-4CC582A5CAFD}.Release|x64.Build.0 = Release|x64
		{ED0F21DA-F0C9-416F-9D3A-4CC582A5CAFD}.Release|x86.ActiveCfg = Release|Win32
		{ED0F21DA-F0C9-416F-9D3A-4CC582A5CAFD}.Release|x86.Build.0 = Release|Win32
	EndGlobalSection
	GlobalSection(SolutionProperties) = preSolution
		HideSolutionNode = FALSE
	EndGlobalSection
EndGlobal
